{
  "name": "portfolio",
  "lockfileVersion": 2,
  "requires": true,
  "packages": {
    "": {
      "devDependencies": {
        "@sanity/cli": "^2.29.5"
      }
    },
    "node_modules/@sanity/cli": {
      "version": "2.29.5",
      "resolved": "https://registry.npmjs.org/@sanity/cli/-/cli-2.29.5.tgz",
      "integrity": "sha512-wAe9JOMWaClnJIE/TkJ06Fbbaln+/bvLCPU05ya3bU3CaK9uscH6f31kh4GunDZicMNSG9Hd8hVk/MqX0kkYYQ==",
      "dev": true,
      "bin": {
        "sanity": "bin/sanity"
      },
      "engines": {
        "node": ">=12.0.0"
      }
    }
  },
  "dependencies": {
    "@sanity/cli": {
      "version": "2.29.5",
      "resolved": "https://registry.npmjs.org/@sanity/cli/-/cli-2.29.5.tgz",
      "integrity": "sha512-wAe9JOMWaClnJIE/TkJ06Fbbaln+/bvLCPU05ya3bU3CaK9uscH6f31kh4GunDZicMNSG9Hd8hVk/MqX0kkYYQ==",
      "dev": true
    }
  }
}
